{
    "_readme": [
        "This file locks the dependencies of your project to a known state",
        "Read more about it at https://getcomposer.org/doc/01-basic-usage.md#installing-dependencies",
        "This file is @generated automatically"
    ],
    "content-hash": "bda336181e4651aeae9d46f37090d8e0",
    "packages": [
        {
            "name": "chillerlan/php-qrcode",
            "version": "2.0.6",
            "source": {
                "type": "git",
                "url": "https://github.com/chillerlan/php-qrcode.git",
                "reference": "45577426ab8e2199aa60e00f9bd7c242c1484c97"
            },
            "dist": {
                "type": "zip",
                "url": "https://api.github.com/repos/chillerlan/php-qrcode/zipball/45577426ab8e2199aa60e00f9bd7c242c1484c97",
                "reference": "45577426ab8e2199aa60e00f9bd7c242c1484c97",
                "shasum": ""
            },
            "require": {
                "chillerlan/php-traits": "^1.1",
                "php": ">=7.0.3"
            },
            "require-dev": {
                "chillerlan/php-authenticator": "^2.0",
                "phpunit/phpunit": "^6.5"
            },
            "type": "library",
            "extra": {
                "branch-alias": {
                    "dev-v2.0.x-php5": "1.0.8-dev"
                }
            },
            "autoload": {
                "psr-4": {
                    "chillerlan\\QRCode\\": "src/"
                }
            },
            "notification-url": "https://packagist.org/downloads/",
            "license": [
                "MIT"
            ],
            "authors": [
                {
                    "name": "Kazuhiko Arase",
                    "homepage": "https://github.com/kazuhikoarase"
                },
                {
                    "name": "smiley",
                    "email": "smiley@chillerlan.net",
                    "homepage": "https://github.com/codemasher"
                }
            ],
            "description": "A QR code generator. PHP 7+",
            "homepage": "https://github.com/chillerlan/php-qrcode",
            "keywords": [
                "qr code"
            ],
            "time": "2018-03-28T18:07:10+00:00"
        },
        {
            "name": "chillerlan/php-traits",
            "version": "1.1.13",
            "source": {
                "type": "git",
                "url": "https://github.com/chillerlan/php-traits.git",
                "reference": "264759946b6aaeb427346b749fc9639b790b8e7f"
            },
            "dist": {
                "type": "zip",
                "url": "https://api.github.com/repos/chillerlan/php-traits/zipball/264759946b6aaeb427346b749fc9639b790b8e7f",
                "reference": "264759946b6aaeb427346b749fc9639b790b8e7f",
                "shasum": ""
            },
            "require": {
                "php": ">=7.0.3"
            },
            "require-dev": {
                "phpunit/phpunit": "^6.5"
            },
            "type": "library",
            "autoload": {
                "psr-4": {
                    "chillerlan\\Traits\\": "src/"
                }
            },
            "notification-url": "https://packagist.org/downloads/",
            "license": [
                "MIT"
            ],
            "authors": [
                {
                    "name": "Smiley",
                    "email": "smiley@chillerlan.net",
                    "homepage": "https://github.com/codemasher"
                }
            ],
            "description": "Some useful traits for PHP 7+",
            "homepage": "https://github.com/chillerlan/php-traits",
            "keywords": [
                "PHP7",
                "container",
                "dotenv",
                "helper",
                "trait"
            ],
            "time": "2018-06-22T00:30:47+00:00"
        },
        {
            "name": "phpmailer/phpmailer",
            "version": "v6.0.6",
            "source": {
                "type": "git",
                "url": "https://github.com/PHPMailer/PHPMailer.git",
                "reference": "8190d73eb5def11a43cfb020b7f36db65330698c"
            },
            "dist": {
                "type": "zip",
                "url": "https://api.github.com/repos/PHPMailer/PHPMailer/zipball/8190d73eb5def11a43cfb020b7f36db65330698c",
                "reference": "8190d73eb5def11a43cfb020b7f36db65330698c",
                "shasum": ""
            },
            "require": {
                "ext-ctype": "*",
                "ext-filter": "*",
                "php": ">=5.5.0"
            },
            "require-dev": {
                "doctrine/annotations": "1.2.*",
                "friendsofphp/php-cs-fixer": "^2.2",
                "phpdocumentor/phpdocumentor": "2.*",
                "phpunit/phpunit": "^4.8 || ^5.7",
                "zendframework/zend-eventmanager": "3.0.*",
                "zendframework/zend-i18n": "2.7.3",
                "zendframework/zend-serializer": "2.7.*"
            },
            "suggest": {
                "ext-mbstring": "Needed to send email in multibyte encoding charset",
                "hayageek/oauth2-yahoo": "Needed for Yahoo XOAUTH2 authentication",
                "league/oauth2-google": "Needed for Google XOAUTH2 authentication",
                "psr/log": "For optional PSR-3 debug logging",
                "stevenmaguire/oauth2-microsoft": "Needed for Microsoft XOAUTH2 authentication",
                "symfony/polyfill-mbstring": "To support UTF-8 if the Mbstring PHP extension is not enabled (^1.2)"
            },
            "type": "library",
            "autoload": {
                "psr-4": {
                    "PHPMailer\\PHPMailer\\": "src/"
                }
            },
            "notification-url": "https://packagist.org/downloads/",
            "license": [
                "LGPL-2.1"
            ],
            "authors": [
                {
                    "name": "Jim Jagielski",
                    "email": "jimjag@gmail.com"
                },
                {
                    "name": "Marcus Bointon",
                    "email": "phpmailer@synchromedia.co.uk"
                },
                {
                    "name": "Andy Prevost",
                    "email": "codeworxtech@users.sourceforge.net"
                },
                {
                    "name": "Brent R. Matzelle"
                }
            ],
            "description": "PHPMailer is a full-featured email creation and transfer class for PHP",
            "time": "2018-11-16T00:41:32+00:00"
        }
    ],
    "packages-dev": [],
    "aliases": [],
    "minimum-stability": "stable",
    "stability-flags": [],
    "prefer-stable": false,
    "prefer-lowest": false,
    "platform": [],
    "platform-dev": []
}
